
Microsoft Visual Studio Solution File, Format Version 12.00
# Visual Studio Version 17
VisualStudioVersion = 17.14.36603.0
MinimumVisualStudioVersion = 10.0.40219.1
Project("{FAE04EC0-301F-11D3-BF4B-00C04F79EFBC}") = "Resumemanage", "Resume\Resumemanage.csproj", "{76ED8BE8-07EB-4E54-A54A-4D2546319974}"
EndProject
Global
	GlobalSection(SolutionConfigurationPlatforms) = preSolution
		Debug|Any CPU = Debug|Any CPU
		Release|Any CPU = Release|Any CPU
	EndGlobalSection
	GlobalSection(ProjectConfigurationPlatforms) = postSolution
		{76ED8BE8-07EB-4E54-A54A-4D2546319974}.Debug|Any CPU.ActiveCfg = Debug|Any CPU
		{76ED8BE8-07EB-4E54-A54A-4D2546319974}.Debug|Any CPU.Build.0 = Debug|Any CPU
		{76ED8BE8-07EB-4E54-A54A-4D2546319974}.Release|Any CPU.ActiveCfg = Release|Any CPU
		{76ED8BE8-07EB-4E54-A54A-4D2546319974}.Release|Any CPU.Build.0 = Release|Any CPU
	EndGlobalSection
	GlobalSection(SolutionProperties) = preSolution
		HideSolutionNode = FALSE
	EndGlobalSection
	GlobalSection(ExtensibilityGlobals) = postSolution
		SolutionGuid = {25C95D67-FF37-4AF2-B13A-BDD9BC4A171C}
	EndGlobalSection
EndGlobal
